// !$*UTF8*$!
{
	archiveVersion = 1;
	classes = {
	};
	objectVersion = 77;
	objects = {

/* Begin PBXContainerItemProxy section */
		3D2369462F628C47007F37D7 /* PBXContainerItemProxy */ = {
			isa = PBXContainerItemProxy;
			containerPortal = 3D2369272F628C45007F37D7 /* Project object */;
			proxyType = 1;
			remoteGlobalIDString = 3D23692E2F628C45007F37D7;
			remoteInfo = BeeDataLoggerApp;
		};
		3D2369502F628C47007F37D7 /* PBXContainerItemProxy */ = {
			isa = PBXContainerItemProxy;
			containerPortal = 3D2369272F628C45007F37D7 /* Project object */;
			proxyType = 1;
			remoteGlobalIDString = 3D23692E2F628C45007F37D7;
			remoteInfo = BeeDataLoggerApp;
		};
/* End PBXContainerItemProxy section */

/* Begin PBXFileReference section */
		3D23692F2F628C45007F37D7 /* BeeDataLoggerApp.app */ = {isa = PBXFileReference; explicitFileType = wrapper.application; includeInIndex = 0; path = BeeDataLoggerApp.app; sourceTree = BUILT_PRODUCTS_DIR; };
		3D2369452F628C47007F37D7 /* BeeDataLoggerAppTests.xctest */ = {isa = PBXFileReference; explicitFileType = wrapper.cfbundle; includeInIndex = 0; path = BeeDataLoggerAppTests.xctest; sourceTree = BUILT_PRODUCTS_DIR; };
		3D23694F2F628C47007F37D7 /* BeeDataLoggerAppUITests.xctest */ = {isa = PBXFileReference; explicitFileType = wrapper.cfbundle; includeInIndex = 0; path = BeeDataLoggerAppUITests.xctest; sourceTree = BUILT_PRODUCTS_DIR; };
/* End PBXFileReference section */

/* Begin PBXFileSystemSynchronizedBuildFileExceptionSet section */
		3D2369572F628C47007F37D7 /* Exceptions for "BeeDataLoggerApp" folder in "BeeDataLoggerApp" target */ = {
			isa = PBXFileSystemSynchronizedBuildFileExceptionSet;
			membershipExceptions = (
				Info.plist,
			);
			target = 3D23692E2F628C45007F37D7 /* BeeDataLoggerApp */;
		};
/* End PBXFileSystemSynchronizedBuildFileExceptionSet section */

/* Begin PBXFileSystemSynchronizedRootGroup section */
		3D2369312F628C45007F37D7 /* BeeDataLoggerApp */ = {
			isa = PBXFileSystemSynchronizedRootGroup;
			exceptions = (
				3D2369572F628C47007F37D7 /* Exceptions for "BeeDataLoggerApp" folder in "BeeDataLoggerApp" target */,
			);
			path = BeeDataLoggerApp;
			sourceTree = "<group>";
		};
		3D2369482F628C47007F37D7 /* BeeDataLoggerAppTests */ = {
			isa = PBXFileSystemSynchronizedRootGroup;
			path = BeeDataLoggerAppTests;
			sourceTree = "<group>";
		};
		3D2369522F628C47007F37D7 /* BeeDataLoggerAppUITests */ = {
			isa = PBXFileSystemSynchronizedRootGroup;
			path = BeeDataLoggerAppUITests;
			sourceTree = "<group>";
		};
/* End PBXFileSystemSynchronizedRootGroup section */

/* Begin PBXFrameworksBuildPhase section */
		3D23692C2F628C45007F37D7 /* Frameworks */ = {
			isa = PBXFrameworksBuildPhase;
			buildActionMask = 2147483647;
			files = (
			);
			runOnlyForDeploymentPostprocessing = 0;
		};
		3D2369422F628C47007F37D7 /* Frameworks */ = {
			isa = PBXFrameworksBuildPhase;
			buildActionMask = 2147483647;
			files = (
			);
			runOnlyForDeploymentPostprocessing = 0;
		};
		3D23694C2F628C47007F37D7 /* Frameworks */ = {
			isa = PBXFrameworksBuildPhase;
			buildActionMask = 2147483647;
			files = (
			);
			runOnlyForDeploymentPostprocessing = 0;
		};
/* End PBXFrameworksBuildPhase section */

/* Begin PBXGroup section */
		3D2369262F628C45007F37D7 = {
			isa = PBXGroup;
			children = (
				3D2369312F628C45007F37D7 /* BeeDataLoggerApp */,
				3D2369482F628C47007F37D7 /* BeeDataLoggerAppTests */,
				3D2369522F628C47007F37D7 /* BeeDataLoggerAppUITests */,
				3D2369302F628C45007F37D7 /* Products */,
			);
			sourceTree = "<group>";
		};
		3D2369302F628C45007F37D7 /* Products */ = {
			isa = PBXGroup;
			children = (
				3D23692F2F628C45007F37D7 /* BeeDataLoggerApp.app */,
				3D2369452F628C47007F37D7 /* BeeDataLoggerAppTests.xctest */,
				3D23694F2F628C47007F37D7 /* BeeDataLoggerAppUITests.xctest */,
			);
			name = Products;
			sourceTree = "<group>";
		};
/* End PBXGroup section */

/* Begin PBXNativeTarget section */
		3D23692E2F628C45007F37D7 /* BeeDataLoggerApp */ = {
			isa = PBXNativeTarget;
			buildConfigurationList = 3D2369582F628C47007F37D7 /* Build configuration list for PBXNativeTarget "BeeDataLoggerApp" */;
			buildPhases = (
				3D23692B2F628C45007F37D7 /* Sources */,
				3D23692C2F628C45007F37D7 /* Frameworks */,
				3D23692D2F628C45007F37D7 /* Resources */,
			);
			buildRules = (
			);
			dependencies = (
			);
			fileSystemSynchronizedGroups = (
				3D2369312F628C45007F37D7 /* BeeDataLoggerApp */,
			);
			name = BeeDataLoggerApp;
			packageProductDependencies = (
			);
			productName = BeeDataLoggerApp;
			productReference = 3D23692F2F628C45007F37D7 /* BeeDataLoggerApp.app */;
			productType = "com.apple.product-type.application";
		};
		3D2369442F628C47007F37D7 /* BeeDataLoggerAppTests */ = {
			isa = PBXNativeTarget;
			buildConfigurationList = 3D23695D2F628C47007F37D7 /* Build configuration list for PBXNativeTarget "BeeDataLoggerAppTests" */;
			buildPhases = (
				3D2369412F628C47007F37D7 /* Sources */,
				3D2369422F628C47007F37D7 /* Frameworks */,
				3D2369432F628C47007F37D7 /* Resources */,
			);
			buildRules = (
			);
			dependencies = (
				3D2369472F628C47007F37D7 /* PBXTargetDependency */,
			);
			fileSystemSynchronizedGroups = (
				3D2369482F628C47007F37D7 /* BeeDataLoggerAppTests */,
			);
			name = BeeDataLoggerAppTests;
			packageProductDependencies = (
			);
			productName = BeeDataLoggerAppTests;
			productReference = 3D2369452F628C47007F37D7 /* BeeDataLoggerAppTests.xctest */;
			productType = "com.apple.product-type.bundle.unit-test";
		};
		3D23694E2F628C47007F37D7 /* BeeDataLoggerAppUITests */ = {
			isa = PBXNativeTarget;
			buildConfigurationList = 3D2369602F628C47007F37D7 /* Build configuration list for PBXNativeTarget "BeeDataLoggerAppUITests" */;
			buildPhases = (
				3D23694B2F628C47007F37D7 /* Sources */,
				3D23694C2F628C47007F37D7 /* Frameworks */,
				3D23694D2F628C47007F37D7 /* Resources */,
			);
			buildRules = (
			);
			dependencies = (
				3D2369512F628C47007F37D7 /* PBXTargetDependency */,
			);
			fileSystemSynchronizedGroups = (
				3D2369522F628C47007F37D7 /* BeeDataLoggerAppUITests */,
			);
			name = BeeDataLoggerAppUITests;
			packageProductDependencies = (
			);
			productName = BeeDataLoggerAppUITests;
			productReference = 3D23694F2F628C47007F37D7 /* BeeDataLoggerAppUITests.xctest */;
			productType = "com.apple.product-type.bundle.ui-testing";
		};
/* End PBXNativeTarget section */

/* Begin PBXProject section */
		3D2369272F628C45007F37D7 /* Project object */ = {
			isa = PBXProject;
			attributes = {
				BuildIndependentTargetsInParallel = 1;
				LastSwiftUpdateCheck = 2630;
				LastUpgradeCheck = 2630;
				TargetAttributes = {
					3D23692E2F628C45007F37D7 = {
						CreatedOnToolsVersion = 26.3;
					};
					3D2369442F628C47007F37D7 = {
						CreatedOnToolsVersion = 26.3;
						TestTargetID = 3D23692E2F628C45007F37D7;
					};
					3D23694E2F628C47007F37D7 = {
						CreatedOnToolsVersion = 26.3;
						TestTargetID = 3D23692E2F628C45007F37D7;
					};
				};
			};
			buildConfigurationList = 3D23692A2F628C45007F37D7 /* Build configuration list for PBXProject "BeeDataLoggerApp" */;
			developmentRegion = en;
			hasScannedForEncodings = 0;
			knownRegions = (
				en,
				Base,
			);
			mainGroup = 3D2369262F628C45007F37D7;
			minimizedProjectReferenceProxies = 1;
			preferredProjectObjectVersion = 77;
			productRefGroup = 3D2369302F628C45007F37D7 /* Products */;
			projectDirPath = "";
			projectRoot = "";
			targets = (
				3D23692E2F628C45007F37D7 /* BeeDataLoggerApp */,
				3D2369442F628C47007F37D7 /* BeeDataLoggerAppTests */,
				3D23694E2F628C47007F37D7 /* BeeDataLoggerAppUITests */,
			);
		};
/* End PBXProject section */

/* Begin PBXResourcesBuildPhase section */
		3D23692D2F628C45007F37D7 /* Resources */ = {
			isa = PBXResourcesBuildPhase;
			buildActionMask = 2147483647;
			files = (
			);
			runOnlyForDeploymentPostprocessing = 0;
		};
		3D2369432F628C47007F37D7 /* Resources */ = {
			isa = PBXResourcesBuildPhase;
			buildActionMask = 2147483647;
			files = (
			);
			runOnlyForDeploymentPostprocessing = 0;
		};
		3D23694D2F628C47007F37D7 /* Resources */ = {
			isa = PBXResourcesBuildPhase;
			buildActionMask = 2147483647;
			files = (
			);
			runOnlyForDeploymentPostprocessing = 0;
		};
/* End PBXResourcesBuildPhase section */

/* Begin PBXSourcesBuildPhase section */
		3D23692B2F628C45007F37D7 /* Sources */ = {
			isa = PBXSourcesBuildPhase;
			buildActionMask = 2147483647;
			files = (
			);
			runOnlyForDeploymentPostprocessing = 0;
		};
		3D2369412F628C47007F37D7 /* Sources */ = {
			isa = PBXSourcesBuildPhase;
			buildActionMask = 2147483647;
			files = (
			);
			runOnlyForDeploymentPostprocessing = 0;
		};
		3D23694B2F628C47007F37D7 /* Sources */ = {
			isa = PBXSourcesBuildPhase;
			buildActionMask = 2147483647;
			files = (
			);
			runOnlyForDeploymentPostprocessing = 0;
		};
/* End PBXSourcesBuildPhase section */

/* Begin PBXTargetDependency section */
		3D2369472F628C47007F37D7 /* PBXTargetDependency */ = {
			isa = PBXTargetDependency;
			target = 3D23692E2F628C45007F37D7 /* BeeDataLoggerApp */;
			targetProxy = 3D2369462F628C47007F37D7 /* PBXContainerItemProxy */;
		};
		3D2369512F628C47007F37D7 /* PBXTargetDependency */ = {
			isa = PBXTargetDependency;
			target = 3D23692E2F628C45007F37D7 /* BeeDataLoggerApp */;
			targetProxy = 3D2369502F628C47007F37D7 /* PBXContainerItemProxy */;
		};
/* End PBXTargetDependency section */

/* Begin XCBuildConfiguration section */
		3D2369592F628C47007F37D7 /* Debug */ = {
			isa = XCBuildConfiguration;
			buildSettings = {
				ASSETCATALOG_COMPILER_APPICON_NAME = AppIcon;
				ASSETCATALOG_COMPILER_GLOBAL_ACCENT_COLOR_NAME = AccentColor;
				CODE_SIGN_STYLE = Automatic;
				CURRENT_PROJECT_VERSION = 2;
				DEVELOPMENT_TEAM = J9L2PD2Z4G;
				GENERATE_INFOPLIST_FILE = YES;
				INFOPLIST_FILE = BeeDataLoggerApp/Info.plist;
				INFOPLIST_KEY_UIApplicationSupportsIndirectInputEvents = YES;
				INFOPLIST_KEY_UILaunchStoryboardName = LaunchScreen;
				INFOPLIST_KEY_UIMainStoryboardFile = Main;
				INFOPLIST_KEY_UISupportedInterfaceOrientations_iPad = "UIInterfaceOrientationPortrait UIInterfaceOrientationPortraitUpsideDown UIInterfaceOrientationLandscapeLeft UIInterfaceOrientationLandscapeRight";
				LD_RUNPATH_SEARCH_PATHS = (
					"$(inherited)",
					"@executable_path/Frameworks",
				);
				MARKETING_VERSION = 1.0;
				PRODUCT_BUNDLE_IDENTIFIER = com.mainaksaha.BeeDataLoggerApp;
				PRODUCT_NAME = "$(TARGET_NAME)";
				STRING_CATALOG_GENERATE_SYMBOLS = YES;
				SUPPORTS_MACCATALYST = NO;
				SUPPORTS_MAC_DESIGNED_FOR_IPHONE_IPAD = YES;
				SWIFT_APPROACHABLE_CONCURRENCY = YES;
				SWIFT_DEFAULT_ACTOR_ISOLATION = MainActor;
				SWIFT_EMIT_LOC_STRINGS = YES;
				SWIFT_UPCOMING_FEATURE_MEMBER_IMPORT_VISIBILITY = YES;
				SWIFT_VERSION = 5.0;
				TARGETED_DEVICE_FAMILY = 2;
			};
			name = Debug;
		};
		3D23695A2F628C47007F37D7 /* Release */ = {
			isa = XCBuildConfiguration;
			buildSettings = {
				ASSETCATALOG_COMPILER_APPICON_NAME = AppIcon;
				ASSETCATALOG_COMPILER_GLOBAL_ACCENT_COLOR_NAME = AccentColor;
				CODE_SIGN_STYLE = Automatic;
				CURRENT_PROJECT_VERSION = 2;
				DEVELOPMENT_TEAM = J9L2PD2Z4G;
				GENERATE_INFOPLIST_FILE = YES;
				INFOPLIST_FILE = BeeDataLoggerApp/Info.plist;
				INFOPLIST_KEY_UIApplicationSupportsIndirectInputEvents = YES;
				INFOPLIST_KEY_UILaunchStoryboardName = LaunchScreen;
				INFOPLIST_KEY_UIMainStoryboardFile = Main;
				INFOPLIST_KEY_UISupportedInterfaceOrientations_iPad = "UIInterfaceOrientationPortrait UIInterfaceOrientationPortraitUpsideDown UIInterfaceOrientationLandscapeLeft UIInterfaceOrientationLandscapeRight";
				LD_RUNPATH_SEARCH_PATHS = (
					"$(inherited)",
					"@executable_path/Frameworks",
				);
				MARKETING_VERSION = 1.0;
				PRODUCT_BUNDLE_IDENTIFIER = com.mainaksaha.BeeDataLoggerApp;
				PRODUCT_NAME = "$(TARGET_NAME)";
				STRING_CATALOG_GENERATE_SYMBOLS = YES;
				SUPPORTS_MACCATALYST = NO;
				SUPPORTS_MAC_DESIGNED_FOR_IPHONE_IPAD = YES;
				SWIFT_APPROACHABLE_CONCURRENCY = YES;
				SWIFT_DEFAULT_ACTOR_ISOLATION = MainActor;
				SWIFT_EMIT_LOC_STRINGS = YES;
				SWIFT_UPCOMING_FEATURE_MEMBER_IMPORT_VISIBILITY = YES;
				SWIFT_VERSION = 5.0;
				TARGETED_DEVICE_FAMILY = 2;
			};
			name = Release;
		};
		3D23695B2F628C47007F37D7 /* Debug */ = {
			isa = XCBuildConfiguration;
			buildSettings = {
				ALWAYS_SEARCH_USER_PATHS = NO;
				ASSETCATALOG_COMPILER_GENERATE_SWIFT_ASSET_SYMBOL_EXTENSIONS = YES;
				CLANG_ANALYZER_NONNULL = YES;
				CLANG_ANALYZER_NUMBER_OBJECT_CONVERSION = YES_AGGRESSIVE;
				CLANG_CXX_LANGUAGE_STANDARD = "gnu++20";
				CLANG_ENABLE_MODULES = YES;
				CLANG_ENABLE_OBJC_ARC = YES;
				CLANG_ENABLE_OBJC_WEAK = YES;
				CLANG_WARN_BLOCK_CAPTURE_AUTORELEASING = YES;
				CLANG_WARN_BOOL_CONVERSION = YES;
				CLANG_WARN_COMMA = YES;
				CLANG_WARN_CONSTANT_CONVERSION = YES;
				CLANG_WARN_DEPRECATED_OBJC_IMPLEMENTATIONS = YES;
				CLANG_WARN_DIRECT_OBJC_ISA_USAGE = YES_ERROR;
				CLANG_WARN_DOCUMENTATION_COMMENTS = YES;
				CLANG_WARN_EMPTY_BODY = YES;
				CLANG_WARN_ENUM_CONVERSION = YES;
				CLANG_WARN_INFINITE_RECURSION = YES;
				CLANG_WARN_INT_CONVERSION = YES;
				CLANG_WARN_NON_LITERAL_NULL_CONVERSION = YES;
				CLANG_WARN_OBJC_IMPLICIT_RETAIN_SELF = YES;
				CLANG_WARN_OBJC_LITERAL_CONVERSION = YES;
				CLANG_WARN_OBJC_ROOT_CLASS = YES_ERROR;
				CLANG_WARN_QUOTED_INCLUDE_IN_FRAMEWORK_HEADER = YES;
				CLANG_WARN_RANGE_LOOP_ANALYSIS = YES;
				CLANG_WARN_STRICT_PROTOTYPES = YES;
				CLANG_WARN_SUSPICIOUS_MOVE = YES;
				CLANG_WARN_UNGUARDED_AVAILABILITY = YES_AGGRESSIVE;
				CLANG_WARN_UNREACHABLE_CODE = YES;
				CLANG_WARN__DUPLICATE_METHOD_MATCH = YES;
				COPY_PHASE_STRIP = NO;
				DEBUG_INFORMATION_FORMAT = dwarf;
				DEVELOPMENT_TEAM = J9L2PD2Z4G;
				ENABLE_STRICT_OBJC_MSGSEND = YES;
				ENABLE_TESTABILITY = YES;
				ENABLE_USER_SCRIPT_SANDBOXING = YES;
				GCC_C_LANGUAGE_STANDARD = gnu17;
				GCC_DYNAMIC_NO_PIC = NO;
				GCC_NO_COMMON_BLOCKS = YES;
				GCC_OPTIMIZATION_LEVEL = 0;
				GCC_PREPROCESSOR_DEFINITIONS = (
					"DEBUG=1",
					"$(inherited)",
				);
				GCC_WARN_64_TO_32_BIT_CONVERSION = YES;
				GCC_WARN_ABOUT_RETURN_TYPE = YES_ERROR;
				GCC_WARN_UNDECLARED_SELECTOR = YES;
				GCC_WARN_UNINITIALIZED_AUTOS = YES_AGGRESSIVE;
				GCC_WARN_UNUSED_FUNCTION = YES;
				GCC_WARN_UNUSED_VARIABLE = YES;
				IPHONEOS_DEPLOYMENT_TARGET = 26.2;
				LOCALIZATION_PREFERS_STRING_CATALOGS = YES;
				MTL_ENABLE_DEBUG_INFO = INCLUDE_SOURCE;
				MTL_FAST_MATH = YES;
				NEW_SETTING = "";
				ONLY_ACTIVE_ARCH = YES;
				SDKROOT = iphoneos;
				SWIFT_ACTIVE_COMPILATION_CONDITIONS = "DEBUG $(inherited)";
				SWIFT_OPTIMIZATION_LEVEL = "-Onone";
			};
			name = Debug;
		};
		3D23695C2F628C47007F37D7 /* Release */ = {
			isa = XCBuildConfiguration;
			buildSettings = {
				ALWAYS_SEARCH_USER_PATHS = NO;
				ASSETCATALOG_COMPILER_GENERATE_SWIFT_ASSET_SYMBOL_EXTENSIONS = YES;
				CLANG_ANALYZER_NONNULL = YES;
				CLANG_ANALYZER_NUMBER_OBJECT_CONVERSION = YES_AGGRESSIVE;
				CLANG_CXX_LANGUAGE_STANDARD = "gnu++20";
				CLANG_ENABLE_MODULES = YES;
				CLANG_ENABLE_OBJC_ARC = YES;
				CLANG_ENABLE_OBJC_WEAK = YES;
				CLANG_WARN_BLOCK_CAPTURE_AUTORELEASING = YES;
				CLANG_WARN_BOOL_CONVERSION = YES;
				CLANG_WARN_COMMA = YES;
				CLANG_WARN_CONSTANT_CONVERSION = YES;
				CLANG_WARN_DEPRECATED_OBJC_IMPLEMENTATIONS = YES;
				CLANG_WARN_DIRECT_OBJC_ISA_USAGE = YES_ERROR;
				CLANG_WARN_DOCUMENTATION_COMMENTS = YES;
				CLANG_WARN_EMPTY_BODY = YES;
				CLANG_WARN_ENUM_CONVERSION = YES;
				CLANG_WARN_INFINITE_RECURSION = YES;
				CLANG_WARN_INT_CONVERSION = YES;
				CLANG_WARN_NON_LITERAL_NULL_CONVERSION = YES;
				CLANG_WARN_OBJC_IMPLICIT_RETAIN_SELF = YES;
				CLANG_WARN_OBJC_LITERAL_CONVERSION = YES;
				CLANG_WARN_OBJC_ROOT_CLASS = YES_ERROR;
				CLANG_WARN_QUOTED_INCLUDE_IN_FRAMEWORK_HEADER = YES;
				CLANG_WARN_RANGE_LOOP_ANALYSIS = YES;
				CLANG_WARN_STRICT_PROTOTYPES = YES;
				CLANG_WARN_SUSPICIOUS_MOVE = YES;
				CLANG_WARN_UNGUARDED_AVAILABILITY = YES_AGGRESSIVE;
				CLANG_WARN_UNREACHABLE_CODE = YES;
				CLANG_WARN__DUPLICATE_METHOD_MATCH = YES;
				COPY_PHASE_STRIP = NO;
				DEBUG_INFORMATION_FORMAT = "dwarf-with-dsym";
				DEVELOPMENT_TEAM = J9L2PD2Z4G;
				ENABLE_NS_ASSERTIONS = NO;
				ENABLE_STRICT_OBJC_MSGSEND = YES;
				ENABLE_USER_SCRIPT_SANDBOXING = YES;
				GCC_C_LANGUAGE_STANDARD = gnu17;
				GCC_NO_COMMON_BLOCKS = YES;
				GCC_WARN_64_TO_32_BIT_CONVERSION = YES;
				GCC_WARN_ABOUT_RETURN_TYPE = YES_ERROR;
				GCC_WARN_UNDECLARED_SELECTOR = YES;
				GCC_WARN_UNINITIALIZED_AUTOS = YES_AGGRESSIVE;
				GCC_WARN_UNUSED_FUNCTION = YES;
				GCC_WARN_UNUSED_VARIABLE = YES;
				IPHONEOS_DEPLOYMENT_TARGET = 26.2;
				LOCALIZATION_PREFERS_STRING_CATALOGS = YES;
				MTL_ENABLE_DEBUG_INFO = NO;
				MTL_FAST_MATH = YES;
				NEW_SETTING = "";
				SDKROOT = iphoneos;
				SWIFT_COMPILATION_MODE = wholemodule;
				VALIDATE_PRODUCT = YES;
			};
			name = Release;
		};
		3D23695E2F628C47007F37D7 /* Debug */ = {
			isa = XCBuildConfiguration;
			buildSettings = {
				BUNDLE_LOADER = "$(TEST_HOST)";
				CODE_SIGN_STYLE = Automatic;
				CURRENT_PROJECT_VERSION = 1;
				DEVELOPMENT_TEAM = J9L2PD2Z4G;
				GENERATE_INFOPLIST_FILE = YES;
				IPHONEOS_DEPLOYMENT_TARGET = 26.2;
				MARKETING_VERSION = 1.0;
				PRODUCT_BUNDLE_IDENTIFIER = com.mainaksaha.BeeDataLoggerAppTests;
				PRODUCT_NAME = "$(TARGET_NAME)";
				STRING_CATALOG_GENERATE_SYMBOLS = NO;
				SWIFT_APPROACHABLE_CONCURRENCY = YES;
				SWIFT_EMIT_LOC_STRINGS = NO;
				SWIFT_UPCOMING_FEATURE_MEMBER_IMPORT_VISIBILITY = YES;
				SWIFT_VERSION = 5.0;
				TARGETED_DEVICE_FAMILY = 2;
				TEST_HOST = "$(BUILT_PRODUCTS_DIR)/BeeDataLoggerApp.app/$(BUNDLE_EXECUTABLE_FOLDER_PATH)/BeeDataLoggerApp";
			};
			name = Debug;
		};
		3D23695F2F628C47007F37D7 /* Release */ = {
			isa = XCBuildConfiguration;
			buildSettings = {
				BUNDLE_LOADER = "$(TEST_HOST)";
				CODE_SIGN_STYLE = Automatic;
				CURRENT_PROJECT_VERSION = 1;
				DEVELOPMENT_TEAM = J9L2PD2Z4G;
				GENERATE_INFOPLIST_FILE = YES;
				IPHONEOS_DEPLOYMENT_TARGET = 26.2;
				MARKETING_VERSION = 1.0;
				PRODUCT_BUNDLE_IDENTIFIER = com.mainaksaha.BeeDataLoggerAppTests;
				PRODUCT_NAME = "$(TARGET_NAME)";
				STRING_CATALOG_GENERATE_SYMBOLS = NO;
				SWIFT_APPROACHABLE_CONCURRENCY = YES;
				SWIFT_EMIT_LOC_STRINGS = NO;
				SWIFT_UPCOMING_FEATURE_MEMBER_IMPORT_VISIBILITY = YES;
				SWIFT_VERSION = 5.0;
				TARGETED_DEVICE_FAMILY = 2;
				TEST_HOST = "$(BUILT_PRODUCTS_DIR)/BeeDataLoggerApp.app/$(BUNDLE_EXECUTABLE_FOLDER_PATH)/BeeDataLoggerApp";
			};
			name = Release;
		};
		3D2369612F628C47007F37D7 /* Debug */ = {
			isa = XCBuildConfiguration;
			buildSettings = {
				CODE_SIGN_STYLE = Automatic;
				CURRENT_PROJECT_VERSION = 1;
				DEVELOPMENT_TEAM = J9L2PD2Z4G;
				GENERATE_INFOPLIST_FILE = YES;
				MARKETING_VERSION = 1.0;
				PRODUCT_BUNDLE_IDENTIFIER = com.mainaksaha.BeeDataLoggerAppUITests;
				PRODUCT_NAME = "$(TARGET_NAME)";
				STRING_CATALOG_GENERATE_SYMBOLS = NO;
				SWIFT_APPROACHABLE_CONCURRENCY = YES;
				SWIFT_EMIT_LOC_STRINGS = NO;
				SWIFT_UPCOMING_FEATURE_MEMBER_IMPORT_VISIBILITY = YES;
				SWIFT_VERSION = 5.0;
				TARGETED_DEVICE_FAMILY = 2;
				TEST_TARGET_NAME = BeeDataLoggerApp;
			};
			name = Debug;
		};
		3D2369622F628C47007F37D7 /* Release */ = {
			isa = XCBuildConfiguration;
			buildSettings = {
				CODE_SIGN_STYLE = Automatic;
				CURRENT_PROJECT_VERSION = 1;
				DEVELOPMENT_TEAM = J9L2PD2Z4G;
				GENERATE_INFOPLIST_FILE = YES;
				MARKETING_VERSION = 1.0;
				PRODUCT_BUNDLE_IDENTIFIER = com.mainaksaha.BeeDataLoggerAppUITests;
				PRODUCT_NAME = "$(TARGET_NAME)";
				STRING_CATALOG_GENERATE_SYMBOLS = NO;
				SWIFT_APPROACHABLE_CONCURRENCY = YES;
				SWIFT_EMIT_LOC_STRINGS = NO;
				SWIFT_UPCOMING_FEATURE_MEMBER_IMPORT_VISIBILITY = YES;
				SWIFT_VERSION = 5.0;
				TARGETED_DEVICE_FAMILY = 2;
				TEST_TARGET_NAME = BeeDataLoggerApp;
			};
			name = Release;
		};
/* End XCBuildConfiguration section */

/* Begin XCConfigurationList section */
		3D23692A2F628C45007F37D7 /* Build configuration list for PBXProject "BeeDataLoggerApp" */ = {
			isa = XCConfigurationList;
			buildConfigurations = (
				3D23695B2F628C47007F37D7 /* Debug */,
				3D23695C2F628C47007F37D7 /* Release */,
			);
			defaultConfigurationIsVisible = 0;
			defaultConfigurationName = Release;
		};
		3D2369582F628C47007F37D7 /* Build configuration list for PBXNativeTarget "BeeDataLoggerApp" */ = {
			isa = XCConfigurationList;
			buildConfigurations = (
				3D2369592F628C47007F37D7 /* Debug */,
				3D23695A2F628C47007F37D7 /* Release */,
			);
			defaultConfigurationIsVisible = 0;
			defaultConfigurationName = Release;
		};
		3D23695D2F628C47007F37D7 /* Build configuration list for PBXNativeTarget "BeeDataLoggerAppTests" */ = {
			isa = XCConfigurationList;
			buildConfigurations = (
				3D23695E2F628C47007F37D7 /* Debug */,
				3D23695F2F628C47007F37D7 /* Release */,
			);
			defaultConfigurationIsVisible = 0;
			defaultConfigurationName = Release;
		};
		3D2369602F628C47007F37D7 /* Build configuration list for PBXNativeTarget "BeeDataLoggerAppUITests" */ = {
			isa = XCConfigurationList;
			buildConfigurations = (
				3D2369612F628C47007F37D7 /* Debug */,
				3D2369622F628C47007F37D7 /* Release */,
			);
			defaultConfigurationIsVisible = 0;
			defaultConfigurationName = Release;
		};
/* End XCConfigurationList section */
	};
	rootObject = 3D2369272F628C45007F37D7 /* Project object */;
}
